
Microsoft Visual Studio Solution File, Format Version 12.00
# Visual Studio Version 16
VisualStudioVersion = 16.0.31112.23
MinimumVisualStudioVersion = 10.0.40219.1
Project("{2150E333-8FDC-42A3-9474-1A3956D46DE8}") = "Core", "Core", "{BE6B9B38-5AB5-4525-87F9-AE85D6B1D2D4}"
EndProject
Project("{2150E333-8FDC-42A3-9474-1A3956D46DE8}") = "Microservices", "Microservices", "{C71DAC94-FAF6-4CD1-904F-887C7DBC5D8A}"
EndProject
Project("{9A19103F-16F7-4668-BE54-9A1E7A4F7556}") = "Data", "Data\Data.csproj", "{E1F0FC9A-2479-4DE5-B55E-611C44753B85}"
EndProject
Project("{9A19103F-16F7-4668-BE54-9A1E7A4F7556}") = "Domain", "Domain\Domain.csproj", "{C8E264BD-0C29-4A1A-991E-C4457EB739CD}"
EndProject
Project("{9A19103F-16F7-4668-BE54-9A1E7A4F7556}") = "CreateService", "CreateService\CreateService.csproj", "{DAB3C8AC-B5D9-46EA-B5ED-5333EF715A3E}"
EndProject
Project("{9A19103F-16F7-4668-BE54-9A1E7A4F7556}") = "ReadService", "ReadService\ReadService.csproj", "{CF0F92D5-2600-4A6B-8A14-462EA0B0F8ED}"
EndProject
Project("{9A19103F-16F7-4668-BE54-9A1E7A4F7556}") = "UpdateService", "UpdateService\UpdateService.csproj", "{745F9434-C84C-4584-8CC5-28CC4845CEB3}"
EndProject
Project("{9A19103F-16F7-4668-BE54-9A1E7A4F7556}") = "DeleteService", "DeleteService\DeleteService.csproj", "{3976CF53-5AB0-46E9-9CBD-6E47B9995F33}"
EndProject
Project("{2150E333-8FDC-42A3-9474-1A3956D46DE8}") = "UI", "UI", "{261ABEB2-4F9D-4800-B428-8289963E86F9}"
EndProject
Project("{9A19103F-16F7-4668-BE54-9A1E7A4F7556}") = "RegistrationPortal", "RegistrationPortal\RegistrationPortal.csproj", "{58D48879-C17E-412C-9F11-EBF230CDA8EF}"
EndProject
Project("{2150E333-8FDC-42A3-9474-1A3956D46DE8}") = "Infrastructure", "Infrastructure", "{4D05B8C3-9D1A-4E54-8145-5C2A026E4315}"
EndProject
Project("{9A19103F-16F7-4668-BE54-9A1E7A4F7556}") = "APIGateway", "APIGateway\APIGateway.csproj", "{246B73F9-D356-4801-81AF-26226274F8D4}"
EndProject
Project("{FAE04EC0-301F-11D3-BF4B-00C04F79EFBC}") = "AuthServeice", "AuthServeice\AuthServeice.csproj", "{A135C337-B042-4CCF-9409-35A819104ADC}"
EndProject
Global
	GlobalSection(SolutionConfigurationPlatforms) = preSolution
		Debug|Any CPU = Debug|Any CPU
		Release|Any CPU = Release|Any CPU
	EndGlobalSection
	GlobalSection(ProjectConfigurationPlatforms) = postSolution
		{E1F0FC9A-2479-4DE5-B55E-611C44753B85}.Debug|Any CPU.ActiveCfg = Debug|Any CPU
		{E1F0FC9A-2479-4DE5-B55E-611C44753B85}.Debug|Any CPU.Build.0 = Debug|Any CPU
		{E1F0FC9A-2479-4DE5-B55E-611C44753B85}.Release|Any CPU.ActiveCfg = Release|Any CPU
		{E1F0FC9A-2479-4DE5-B55E-611C44753B85}.Release|Any CPU.Build.0 = Release|Any CPU
		{C8E264BD-0C29-4A1A-991E-C4457EB739CD}.Debug|Any CPU.ActiveCfg = Debug|Any CPU
		{C8E264BD-0C29-4A1A-991E-C4457EB739CD}.Debug|Any CPU.Build.0 = Debug|Any CPU
		{C8E264BD-0C29-4A1A-991E-C4457EB739CD}.Release|Any CPU.ActiveCfg = Release|Any CPU
		{C8E264BD-0C29-4A1A-991E-C4457EB739CD}.Release|Any CPU.Build.0 = Release|Any CPU
		{DAB3C8AC-B5D9-46EA-B5ED-5333EF715A3E}.Debug|Any CPU.ActiveCfg = Debug|Any CPU
		{DAB3C8AC-B5D9-46EA-B5ED-5333EF715A3E}.Debug|Any CPU.Build.0 = Debug|Any CPU
		{DAB3C8AC-B5D9-46EA-B5ED-5333EF715A3E}.Release|Any CPU.ActiveCfg = Release|Any CPU
		{DAB3C8AC-B5D9-46EA-B5ED-5333EF715A3E}.Release|Any CPU.Build.0 = Release|Any CPU
		{CF0F92D5-2600-4A6B-8A14-462EA0B0F8ED}.Debug|Any CPU.ActiveCfg = Debug|Any CPU
		{CF0F92D5-2600-4A6B-8A14-462EA0B0F8ED}.Debug|Any CPU.Build.0 = Debug|Any CPU
		{CF0F92D5-2600-4A6B-8A14-462EA0B0F8ED}.Release|Any CPU.ActiveCfg = Release|Any CPU
		{CF0F92D5-2600-4A6B-8A14-462EA0B0F8ED}.Release|Any CPU.Build.0 = Release|Any CPU
		{745F9434-C84C-4584-8CC5-28CC4845CEB3}.Debug|Any CPU.ActiveCfg = Debug|Any CPU
		{745F9434-C84C-4584-8CC5-28CC4845CEB3}.Debug|Any CPU.Build.0 = Debug|Any CPU
		{745F9434-C84C-4584-8CC5-28CC4845CEB3}.Release|Any CPU.ActiveCfg = Release|Any CPU
		{745F9434-C84C-4584-8CC5-28CC4845CEB3}.Release|Any CPU.Build.0 = Release|Any CPU
		{3976CF53-5AB0-46E9-9CBD-6E47B9995F33}.Debug|Any CPU.ActiveCfg = Debug|Any CPU
		{3976CF53-5AB0-46E9-9CBD-6E47B9995F33}.Debug|Any CPU.Build.0 = Debug|Any CPU
		{3976CF53-5AB0-46E9-9CBD-6E47B9995F33}.Release|Any CPU.ActiveCfg = Release|Any CPU
		{3976CF53-5AB0-46E9-9CBD-6E47B9995F33}.Release|Any CPU.Build.0 = Release|Any CPU
		{58D48879-C17E-412C-9F11-EBF230CDA8EF}.Debug|Any CPU.ActiveCfg = Debug|Any CPU
		{58D48879-C17E-412C-9F11-EBF230CDA8EF}.Debug|Any CPU.Build.0 = Debug|Any CPU
		{58D48879-C17E-412C-9F11-EBF230CDA8EF}.Release|Any CPU.ActiveCfg = Release|Any CPU
		{58D48879-C17E-412C-9F11-EBF230CDA8EF}.Release|Any CPU.Build.0 = Release|Any CPU
		{246B73F9-D356-4801-81AF-26226274F8D4}.Debug|Any CPU.ActiveCfg = Debug|Any CPU
		{246B73F9-D356-4801-81AF-26226274F8D4}.Debug|Any CPU.Build.0 = Debug|Any CPU
		{246B73F9-D356-4801-81AF-26226274F8D4}.Release|Any CPU.ActiveCfg = Release|Any CPU
		{246B73F9-D356-4801-81AF-26226274F8D4}.Release|Any CPU.Build.0 = Release|Any CPU
		{A135C337-B042-4CCF-9409-35A819104ADC}.Debug|Any CPU.ActiveCfg = Debug|Any CPU
		{A135C337-B042-4CCF-9409-35A819104ADC}.Debug|Any CPU.Build.0 = Debug|Any CPU
		{A135C337-B042-4CCF-9409-35A819104ADC}.Release|Any CPU.ActiveCfg = Release|Any CPU
		{A135C337-B042-4CCF-9409-35A819104ADC}.Release|Any CPU.Build.0 = Release|Any CPU
	EndGlobalSection
	GlobalSection(SolutionProperties) = preSolution
		HideSolutionNode = FALSE
	EndGlobalSection
	GlobalSection(NestedProjects) = preSolution
		{E1F0FC9A-2479-4DE5-B55E-611C44753B85} = {BE6B9B38-5AB5-4525-87F9-AE85D6B1D2D4}
		{C8E264BD-0C29-4A1A-991E-C4457EB739CD} = {BE6B9B38-5AB5-4525-87F9-AE85D6B1D2D4}
		{DAB3C8AC-B5D9-46EA-B5ED-5333EF715A3E} = {C71DAC94-FAF6-4CD1-904F-887C7DBC5D8A}
		{CF0F92D5-2600-4A6B-8A14-462EA0B0F8ED} = {C71DAC94-FAF6-4CD1-904F-887C7DBC5D8A}
		{745F9434-C84C-4584-8CC5-28CC4845CEB3} = {C71DAC94-FAF6-4CD1-904F-887C7DBC5D8A}
		{3976CF53-5AB0-46E9-9CBD-6E47B9995F33} = {C71DAC94-FAF6-4CD1-904F-887C7DBC5D8A}
		{58D48879-C17E-412C-9F11-EBF230CDA8EF} = {261ABEB2-4F9D-4800-B428-8289963E86F9}
		{246B73F9-D356-4801-81AF-26226274F8D4} = {4D05B8C3-9D1A-4E54-8145-5C2A026E4315}
		{A135C337-B042-4CCF-9409-35A819104ADC} = {4D05B8C3-9D1A-4E54-8145-5C2A026E4315}
	EndGlobalSection
	GlobalSection(ExtensibilityGlobals) = postSolution
		SolutionGuid = {2C9D228A-CBE9-4CB8-81DA-1B73E98E5EB9}
	EndGlobalSection
EndGlobal
